// !$*UTF8*$!
{
	archiveVersion = 1;
	classes = {
	};
	objectVersion = 50;
	objects = {

/* Begin PBXBuildFile section */
		0EC21B34232CD45400F356D1 /* AppDelegate.swift in Sources */ = {isa = PBXBuildFile; fileRef = 0EC21B33232CD45400F356D1 /* AppDelegate.swift */; };
		0EC21B36232CD45400F356D1 /* ViewController.swift in Sources */ = {isa = PBXBuildFile; fileRef = 0EC21B35232CD45400F356D1 /* ViewController.swift */; };
		0EC21B39232CD45400F356D1 /* Main.storyboard in Resources */ = {isa = PBXBuildFile; fileRef = 0EC21B37232CD45400F356D1 /* Main.storyboard */; };
		0EC21B3B232CD45700F356D1 /* Assets.xcassets in Resources */ = {isa = PBXBuildFile; fileRef = 0EC21B3A232CD45700F356D1 /* Assets.xcassets */; };
		0EC21B3E232CD45700F356D1 /* LaunchScreen.storyboard in Resources */ = {isa = PBXBuildFile; fileRef = 0EC21B3C232CD45700F356D1 /* LaunchScreen.storyboard */; };
		0EC21B46232CD62500F356D1 /* EditTableViewCell.swift in Sources */ = {isa = PBXBuildFile; fileRef = 0EC21B45232CD62500F356D1 /* EditTableViewCell.swift */; };
/* End PBXBuildFile section */

/* Begin PBXFileReference section */
		0EC21B30232CD45400F356D1 /* AddDeleteCell.app */ = {isa = PBXFileReference; explicitFileType = wrapper.application; includeInIndex = 0; path = AddDeleteCell.app; sourceTree = BUILT_PRODUCTS_DIR; };
		0EC21B33232CD45400F356D1 /* AppDelegate.swift */ = {isa = PBXFileReference; lastKnownFileType = sourcecode.swift; path = AppDelegate.swift; sourceTree = "<group>"; };
		0EC21B35232CD45400F356D1 /* ViewController.swift */ = {isa = PBXFileReference; lastKnownFileType = sourcecode.swift; path = ViewController.swift; sourceTree = "<group>"; };
		0EC21B38232CD45400F356D1 /* Base */ = {isa = PBXFileReference; lastKnownFileType = file.storyboard; name = Base; path = Base.lproj/Main.storyboard; sourceTree = "<group>"; };
		0EC21B3A232CD45700F356D1 /* Assets.xcassets */ = {isa = PBXFileReference; lastKnownFileType = folder.assetcatalog; path = Assets.xcassets; sourceTree = "<group>"; };
		0EC21B3D232CD45700F356D1 /* Base */ = {isa = PBXFileReference; lastKnownFileType = file.storyboard; name = Base; path = Base.lproj/LaunchScreen.storyboard; sourceTree = "<group>"; };
		0EC21B3F232CD45700F356D1 /* Info.plist */ = {isa = PBXFileReference; lastKnownFileType = text.plist.xml; path = Info.plist; sourceTree = "<group>"; };
		0EC21B45232CD62500F356D1 /* EditTableViewCell.swift */ = {isa = PBXFileReference; lastKnownFileType = sourcecode.swift; path = EditTableViewCell.swift; sourceTree = "<group>"; };
/* End PBXFileReference section */

/* Begin PBXFrameworksBuildPhase section */
		0EC21B2D232CD45400F356D1 /* Frameworks */ = {
			isa = PBXFrameworksBuildPhase;
			buildActionMask = 2147483647;
			files = (
			);
			runOnlyForDeploymentPostprocessing = 0;
		};
/* End PBXFrameworksBuildPhase section */

/* Begin PBXGroup section */
		0EC21B27232CD45400F356D1 = {
			isa = PBXGroup;
			children = (
				0EC21B32232CD45400F356D1 /* AddDeleteCell */,
				0EC21B31232CD45400F356D1 /* Products */,
			);
			sourceTree = "<group>";
		};
		0EC21B31232CD45400F356D1 /* Products */ = {
			isa = PBXGroup;
			children = (
				0EC21B30232CD45400F356D1 /* AddDeleteCell.app */,
			);
			name = Products;
			sourceTree = "<group>";
		};
		0EC21B32232CD45400F356D1 /* AddDeleteCell */ = {
			isa = PBXGroup;
			children = (
				0EC21B33232CD45400F356D1 /* AppDelegate.swift */,
				0EC21B35232CD45400F356D1 /* ViewController.swift */,
				0EC21B37232CD45400F356D1 /* Main.storyboard */,
				0EC21B3A232CD45700F356D1 /* Assets.xcassets */,
				0EC21B3C232CD45700F356D1 /* LaunchScreen.storyboard */,
				0EC21B3F232CD45700F356D1 /* Info.plist */,
				0EC21B45232CD62500F356D1 /* EditTableViewCell.swift */,
			);
			path = AddDeleteCell;
			sourceTree = "<group>";
		};
/* End PBXGroup section */

/* Begin PBXNativeTarget section */
		0EC21B2F232CD45400F356D1 /* AddDeleteCell */ = {
			isa = PBXNativeTarget;
			buildConfigurationList = 0EC21B42232CD45700F356D1 /* Build configuration list for PBXNativeTarget "AddDeleteCell" */;
			buildPhases = (
				0EC21B2C232CD45400F356D1 /* Sources */,
				0EC21B2D232CD45400F356D1 /* Frameworks */,
				0EC21B2E232CD45400F356D1 /* Resources */,
			);
			buildRules = (
			);
			dependencies = (
			);
			name = AddDeleteCell;
			productName = AddDeleteCell;
			productReference = 0EC21B30232CD45400F356D1 /* AddDeleteCell.app */;
			productType = "com.apple.product-type.application";
		};
/* End PBXNativeTarget section */

/* Begin PBXProject section */
		0EC21B28232CD45400F356D1 /* Project object */ = {
			isa = PBXProject;
			attributes = {
				LastSwiftUpdateCheck = 1030;
				LastUpgradeCheck = 1030;
				ORGANIZATIONNAME = "SHUBHAM AGARWAL";
				TargetAttributes = {
					0EC21B2F232CD45400F356D1 = {
						CreatedOnToolsVersion = 10.3;
					};
				};
			};
			buildConfigurationList = 0EC21B2B232CD45400F356D1 /* Build configuration list for PBXProject "AddDeleteCell" */;
			compatibilityVersion = "Xcode 9.3";
			developmentRegion = en;
			hasScannedForEncodings = 0;
			knownRegions = (
				en,
				Base,
			);
			mainGroup = 0EC21B27232CD45400F356D1;
			productRefGroup = 0EC21B31232CD45400F356D1 /* Products */;
			projectDirPath = "";
			projectRoot = "";
			targets = (
				0EC21B2F232CD45400F356D1 /* AddDeleteCell */,
			);
		};
/* End PBXProject section */

/* Begin PBXResourcesBuildPhase section */
		0EC21B2E232CD45400F356D1 /* Resources */ = {
			isa = PBXResourcesBuildPhase;
			buildActionMask = 2147483647;
			files = (
				0EC21B3E232CD45700F356D1 /* LaunchScreen.storyboard in Resources */,
				0EC21B3B232CD45700F356D1 /* Assets.xcassets in Resources */,
				0EC21B39232CD45400F356D1 /* Main.storyboard in Resources */,
			);
			runOnlyForDeploymentPostprocessing = 0;
		};
/* End PBXResourcesBuildPhase section */

/* Begin PBXSourcesBuildPhase section */
		0EC21B2C232CD45400F356D1 /* Sources */ = {
			isa = PBXSourcesBuildPhase;
			buildActionMask = 2147483647;
			files = (
				0EC21B46232CD62500F356D1 /* EditTableViewCell.swift in Sources */,
				0EC21B36232CD45400F356D1 /* ViewController.swift in Sources */,
				0EC21B34232CD45400F356D1 /* AppDelegate.swift in Sources */,
			);
			runOnlyForDeploymentPostprocessing = 0;
		};
/* End PBXSourcesBuildPhase section */

/* Begin PBXVariantGroup section */
		0EC21B37232CD45400F356D1 /* Main.storyboard */ = {
			isa = PBXVariantGroup;
			children = (
				0EC21B38232CD45400F356D1 /* Base */,
			);
			name = Main.storyboard;
			sourceTree = "<group>";
		};
		0EC21B3C232CD45700F356D1 /* LaunchScreen.storyboard */ = {
			isa = PBXVariantGroup;
			children = (
				0EC21B3D232CD45700F356D1 /* Base */,
			);
			name = LaunchScreen.storyboard;
			sourceTree = "<group>";
		};
/* End PBXVariantGroup section */

/* Begin XCBuildConfiguration section */
		0EC21B40232CD45700F356D1 /* Debug */ = {
			isa = XCBuildConfiguration;
			buildSettings = {
				ALWAYS_SEARCH_USER_PATHS = NO;
				CLANG_ANALYZER_NONNULL = YES;
				CLANG_ANALYZER_NUMBER_OBJECT_CONVERSION = YES_AGGRESSIVE;
				CLANG_CXX_LANGUAGE_STANDARD = "gnu++14";
				CLANG_CXX_LIBRARY = "libc++";
				CLANG_ENABLE_MODULES = YES;
				CLANG_ENABLE_OBJC_ARC = YES;
				CLANG_ENABLE_OBJC_WEAK = YES;
				CLANG_WARN_BLOCK_CAPTURE_AUTORELEASING = YES;
				CLANG_WARN_BOOL_CONVERSION = YES;
				CLANG_WARN_COMMA = YES;
				CLANG_WARN_CONSTANT_CONVERSION = YES;
				CLANG_WARN_DEPRECATED_OBJC_IMPLEMENTATIONS = YES;
				CLANG_WARN_DIRECT_OBJC_ISA_USAGE = YES_ERROR;
				CLANG_WARN_DOCUMENTATION_COMMENTS = YES;
				CLANG_WARN_EMPTY_BODY = YES;
				CLANG_WARN_ENUM_CONVERSION = YES;
				CLANG_WARN_INFINITE_RECURSION = YES;
				CLANG_WARN_INT_CONVERSION = YES;
				CLANG_WARN_NON_LITERAL_NULL_CONVERSION = YES;
				CLANG_WARN_OBJC_IMPLICIT_RETAIN_SELF = YES;
				CLANG_WARN_OBJC_LITERAL_CONVERSION = YES;
				CLANG_WARN_OBJC_ROOT_CLASS = YES_ERROR;
				CLANG_WARN_RANGE_LOOP_ANALYSIS = YES;
				CLANG_WARN_STRICT_PROTOTYPES = YES;
				CLANG_WARN_SUSPICIOUS_MOVE = YES;
				CLANG_WARN_UNGUARDED_AVAILABILITY = YES_AGGRESSIVE;
				CLANG_WARN_UNREACHABLE_CODE = YES;
				CLANG_WARN__DUPLICATE_METHOD_MATCH = YES;
				CODE_SIGN_IDENTITY = "iPhone Developer";
				COPY_PHASE_STRIP = NO;
				DEBUG_INFORMATION_FORMAT = dwarf;
				ENABLE_STRICT_OBJC_MSGSEND = YES;
				ENABLE_TESTABILITY = YES;
				GCC_C_LANGUAGE_STANDARD = gnu11;
				GCC_DYNAMIC_NO_PIC = NO;
				GCC_NO_COMMON_BLOCKS = YES;
				GCC_OPTIMIZATION_LEVEL = 0;
				GCC_PREPROCESSOR_DEFINITIONS = (
					"DEBUG=1",
					"$(inherited)",
				);
				GCC_WARN_64_TO_32_BIT_CONVERSION = YES;
				GCC_WARN_ABOUT_RETURN_TYPE = YES_ERROR;
				GCC_WARN_UNDECLARED_SELECTOR = YES;
				GCC_WARN_UNINITIALIZED_AUTOS = YES_AGGRESSIVE;
				GCC_WARN_UNUSED_FUNCTION = YES;
				GCC_WARN_UNUSED_VARIABLE = YES;
				IPHONEOS_DEPLOYMENT_TARGET = 12.4;
				MTL_ENABLE_DEBUG_INFO = INCLUDE_SOURCE;
				MTL_FAST_MATH = YES;
				ONLY_ACTIVE_ARCH = YES;
				SDKROOT = iphoneos;
				SWIFT_ACTIVE_COMPILATION_CONDITIONS = DEBUG;
				SWIFT_OPTIMIZATION_LEVEL = "-Onone";
			};
			name = Debug;
		};
		0EC21B41232CD45700F356D1 /* Release */ = {
			isa = XCBuildConfiguration;
			buildSettings = {
				ALWAYS_SEARCH_USER_PATHS = NO;
				CLANG_ANALYZER_NONNULL = YES;
				CLANG_ANALYZER_NUMBER_OBJECT_CONVERSION = YES_AGGRESSIVE;
				CLANG_CXX_LANGUAGE_STANDARD = "gnu++14";
				CLANG_CXX_LIBRARY = "libc++";
				CLANG_ENABLE_MODULES = YES;
				CLANG_ENABLE_OBJC_ARC = YES;
				CLANG_ENABLE_OBJC_WEAK = YES;
				CLANG_WARN_BLOCK_CAPTURE_AUTORELEASING = YES;
				CLANG_WARN_BOOL_CONVERSION = YES;
				CLANG_WARN_COMMA = YES;
				CLANG_WARN_CONSTANT_CONVERSION = YES;
				CLANG_WARN_DEPRECATED_OBJC_IMPLEMENTATIONS = YES;
				CLANG_WARN_DIRECT_OBJC_ISA_USAGE = YES_ERROR;
				CLANG_WARN_DOCUMENTATION_COMMENTS = YES;
				CLANG_WARN_EMPTY_BODY = YES;
				CLANG_WARN_ENUM_CONVERSION = YES;
				CLANG_WARN_INFINITE_RECURSION = YES;
				CLANG_WARN_INT_CONVERSION = YES;
				CLANG_WARN_NON_LITERAL_NULL_CONVERSION = YES;
				CLANG_WARN_OBJC_IMPLICIT_RETAIN_SELF = YES;
				CLANG_WARN_OBJC_LITERAL_CONVERSION = YES;
				CLANG_WARN_OBJC_ROOT_CLASS = YES_ERROR;
				CLANG_WARN_RANGE_LOOP_ANALYSIS = YES;
				CLANG_WARN_STRICT_PROTOTYPES = YES;
				CLANG_WARN_SUSPICIOUS_MOVE = YES;
				CLANG_WARN_UNGUARDED_AVAILABILITY = YES_AGGRESSIVE;
				CLANG_WARN_UNREACHABLE_CODE = YES;
				CLANG_WARN__DUPLICATE_METHOD_MATCH = YES;
				CODE_SIGN_IDENTITY = "iPhone Developer";
				COPY_PHASE_STRIP = NO;
				DEBUG_INFORMATION_FORMAT = "dwarf-with-dsym";
				ENABLE_NS_ASSERTIONS = NO;
				ENABLE_STRICT_OBJC_MSGSEND = YES;
				GCC_C_LANGUAGE_STANDARD = gnu11;
				GCC_NO_COMMON_BLOCKS = YES;
				GCC_WARN_64_TO_32_BIT_CONVERSION = YES;
				GCC_WARN_ABOUT_RETURN_TYPE = YES_ERROR;
				GCC_WARN_UNDECLARED_SELECTOR = YES;
				GCC_WARN_UNINITIALIZED_AUTOS = YES_AGGRESSIVE;
				GCC_WARN_UNUSED_FUNCTION = YES;
				GCC_WARN_UNUSED_VARIABLE = YES;
				IPHONEOS_DEPLOYMENT_TARGET = 12.4;
				MTL_ENABLE_DEBUG_INFO = NO;
				MTL_FAST_MATH = YES;
				SDKROOT = iphoneos;
				SWIFT_COMPILATION_MODE = wholemodule;
				SWIFT_OPTIMIZATION_LEVEL = "-O";
				VALIDATE_PRODUCT = YES;
			};
			name = Release;
		};
		0EC21B43232CD45700F356D1 /* Debug */ = {
			isa = XCBuildConfiguration;
			buildSettings = {
				ASSETCATALOG_COMPILER_APPICON_NAME = AppIcon;
				CODE_SIGN_STYLE = Automatic;
				INFOPLIST_FILE = AddDeleteCell/Info.plist;
				LD_RUNPATH_SEARCH_PATHS = (
					"$(inherited)",
					"@executable_path/Frameworks",
				);
				PRODUCT_BUNDLE_IDENTIFIER = LetCreateAnApp.AddDeleteCell;
				PRODUCT_NAME = "$(TARGET_NAME)";
				SWIFT_VERSION = 5.0;
				TARGETED_DEVICE_FAMILY = "1,2";
			};
			name = Debug;
		};
		0EC21B44232CD45700F356D1 /* Release */ = {
			isa = XCBuildConfiguration;
			buildSettings = {
				ASSETCATALOG_COMPILER_APPICON_NAME = AppIcon;
				CODE_SIGN_STYLE = Automatic;
				INFOPLIST_FILE = AddDeleteCell/Info.plist;
				LD_RUNPATH_SEARCH_PATHS = (
					"$(inherited)",
					"@executable_path/Frameworks",
				);
				PRODUCT_BUNDLE_IDENTIFIER = LetCreateAnApp.AddDeleteCell;
				PRODUCT_NAME = "$(TARGET_NAME)";
				SWIFT_VERSION = 5.0;
				TARGETED_DEVICE_FAMILY = "1,2";
			};
			name = Release;
		};
/* End XCBuildConfiguration section */

/* Begin XCConfigurationList section */
		0EC21B2B232CD45400F356D1 /* Build configuration list for PBXProject "AddDeleteCell" */ = {
			isa = XCConfigurationList;
			buildConfigurations = (
				0EC21B40232CD45700F356D1 /* Debug */,
				0EC21B41232CD45700F356D1 /* Release */,
			);
			defaultConfigurationIsVisible = 0;
			defaultConfigurationName = Release;
		};
		0EC21B42232CD45700F356D1 /* Build configuration list for PBXNativeTarget "AddDeleteCell" */ = {
			isa = XCConfigurationList;
			buildConfigurations = (
				0EC21B43232CD45700F356D1 /* Debug */,
				0EC21B44232CD45700F356D1 /* Release */,
			);
			defaultConfigurationIsVisible = 0;
			defaultConfigurationName = Release;
		};
/* End XCConfigurationList section */
	};
	rootObject = 0EC21B28232CD45400F356D1 /* Project object */;
}
